
Microsoft Visual Studio Solution File, Format Version 12.00
# Visual Studio Version 17
VisualStudioVersion = 17.5.33414.496
MinimumVisualStudioVersion = 10.0.40219.1
Project("{FAE04EC0-301F-11D3-BF4B-00C04F79EFBC}") = "PsTrunniCalc", "PsTrunniCalc\PsTrunniCalc.csproj", "{A1AF8BE7-3084-448C-B3FA-4BC3FCB01334}"
EndProject
Global
	GlobalSection(SolutionConfigurationPlatforms) = preSolution
		Debug|Any CPU = Debug|Any CPU
		Release|Any CPU = Release|Any CPU
	EndGlobalSection
	GlobalSection(ProjectConfigurationPlatforms) = postSolution
		{A1AF8BE7-3084-448C-B3FA-4BC3FCB01334}.Debug|Any CPU.ActiveCfg = Debug|Any CPU
		{A1AF8BE7-3084-448C-B3FA-4BC3FCB01334}.Debug|Any CPU.Build.0 = Debug|Any CPU
		{A1AF8BE7-3084-448C-B3FA-4BC3FCB01334}.Release|Any CPU.ActiveCfg = Release|Any CPU
		{A1AF8BE7-3084-448C-B3FA-4BC3FCB01334}.Release|Any CPU.Build.0 = Release|Any CPU
	EndGlobalSection
	GlobalSection(SolutionProperties) = preSolution
		HideSolutionNode = FALSE
	EndGlobalSection
	GlobalSection(ExtensibilityGlobals) = postSolution
		SolutionGuid = {7BDBFFA3-F272-4E4C-BF72-7B147640BAD9}
	EndGlobalSection
EndGlobal
